{
  "pins" : [
    {
      "identity" : "alamofire",
      "kind" : "remoteSourceControl",
      "location" : "https://github.com/Alamofire/Alamofire.git",
      "state" : {
        "branch" : "master",
        "revision" : "41bcbaf24f67efb2befd8abc0f32f0c66d1c78be"
      }
    },
    {
      "identity" : "mbprogresshud",
      "kind" : "remoteSourceControl",
      "location" : "https://github.com/jdg/MBProgressHUD.git",
      "state" : {
        "branch" : "master",
        "revision" : "c843e4c86d320a11552898646effa8000042ab16"
      }
    },
    {
      "identity" : "sdwebimage",
      "kind" : "remoteSourceControl",
      "location" : "https://github.com/SDWebImage/SDWebImage.git",
      "state" : {
        "branch" : "master",
        "revision" : "6e844d19679c9e0833ccc363d7f5a7c5f0c5f5d7"
      }
    }
  ],
  "version" : 2
}
